{
  "name": "knowledgegraph",
  "version": "0.0.0",
  "lockfileVersion": 1,
  "requires": true,
  "dependencies": {
    "basic-auth": {
      "version": "2.0.0",
      "resolved": "https://registry.npmjs.org/basic-auth/-/basic-auth-2.0.0.tgz",
      "integrity": "sha1-AV2z81PgLlY3d1X5YnQuiYHnu7o="
    },
    "body-parser": {
      "version": "1.18.2",
      "resolved": "https://registry.npmjs.org/body-parser/-/body-parser-1.18.2.tgz",
      "integrity": "sha1-h2eKGdhLR9hZuDGZvVm84iKxBFQ="
    },
    "cookie-parser": {
      "version": "1.4.3",
      "resolved": "https://registry.npmjs.org/cookie-parser/-/cookie-parser-1.4.3.tgz",
      "integrity": "sha1-D+MfoZ0AC5X0qt8fU/3CuKIDuqU="
    },
    "debug": {
      "version": "2.6.9",
      "resolved": "https://registry.npmjs.org/debug/-/debug-2.6.9.tgz",
      "integrity": "sha512-bC7ElrdJaJnPbAP+1EotYvqZsb3ecl5wi6Bfi6BJTUcNowp6cvspg0jXznRTKDjm/E7AdgFBVeAPVMNcKGsHMA=="
    },
    "ejs": {
      "version": "2.6.1",
      "resolved": "https://registry.npmjs.org/ejs/-/ejs-2.6.1.tgz",
      "integrity": "sha512-0xy4A/twfrRCnkhfk8ErDi5DqdAsAqeGxht4xkCUrsvhhbQNs7E+4jV0CN7+NKIY0aHE72+XvqtBIXzD31ZbXQ=="
    },
    "ejs-locals": {
      "version": "1.0.2",
      "resolved": "https://registry.npmjs.org/ejs-locals/-/ejs-locals-1.0.2.tgz",
      "integrity": "sha1-ubMg/2kzFUEF+g7taD6mTWeAiM4=",
      "dependencies": {
        "ejs": {
          "version": "0.8.8",
          "resolved": "https://registry.npmjs.org/ejs/-/ejs-0.8.8.tgz",
          "integrity": "sha1-/9xW3MNdApJt1QrRNDm7xUBh1Zg="
        }
      }
    },
    "express": {
      "version": "4.15.5",
      "resolved": "https://registry.npmjs.org/express/-/express-4.15.5.tgz",
      "integrity": "sha1-ZwI1ypWYiQpa6BcLg9tyK4Qu2Sc=",
      "dependencies": {
        "qs": {
          "version": "6.5.0",
          "resolved": "https://registry.npmjs.org/qs/-/qs-6.5.0.tgz",
          "integrity": "sha512-fjVFjW9yhqMhVGwRExCXLhJKrLlkYSaxNWdyc9rmHlrVZbk35YHH312dFd7191uQeXkI3mKLZTIbSvIeFwFemg=="
        },
        "statuses": {
          "version": "1.3.1",
          "resolved": "https://registry.npmjs.org/statuses/-/statuses-1.3.1.tgz",
          "integrity": "sha1-+vUbnrdKrvOzrPStX2Gr8ky3uT4="
        }
      }
    },
    "express-partials": {
      "version": "0.3.0",
      "resolved": "https://registry.npmjs.org/express-partials/-/express-partials-0.3.0.tgz",
      "integrity": "sha1-iLnEAWSv2aVSeGKbKUjmrOe/9F8="
    },
    "express-session": {
      "version": "1.15.6",
      "resolved": "https://registry.npmjs.org/express-session/-/express-session-1.15.6.tgz",
      "integrity": "sha512-r0nrHTCYtAMrFwZ0kBzZEXa1vtPVrw0dKvGSrKP4dahwBQ1BJpF2/y1Pp4sCD/0kvxV4zZeclyvfmw0B4RMJQA==",
      "dependencies": {
        "utils-merge": {
          "version": "1.0.1",
          "resolved": "https://registry.npmjs.org/utils-merge/-/utils-merge-1.0.1.tgz",
          "integrity": "sha1-n5VxD1CiZ5R7LMwSR0HBAoQn5xM="
        }
      }
    },
    "file-stream-rotator": {
      "version": "0.2.1",
      "resolved": "https://registry.npmjs.org/file-stream-rotator/-/file-stream-rotator-0.2.1.tgz",
      "integrity": "sha1-DW/qGpp6uiWofP0xtuJp5E6PCvI="
    },
    "jade": {
      "version": "1.11.0",
      "resolved": "https://registry.npmjs.org/jade/-/jade-1.11.0.tgz",
      "integrity": "sha1-nIDlOMEtP7lcjZu5VZ+gzAQEBf0="
    },
    "log4js": {
      "version": "2.8.0",
      "resolved": "https://registry.npmjs.org/log4js/-/log4js-2.8.0.tgz",
      "integrity": "sha512-PjsaE4ElS0e2jWOY14Ef2PrC1Y+fny4AWPPT3xD6+2k2Aa5golhqJ4DSzP+5kXRL5bSw/5j1ocU5A9ceaxZeGA==",
      "dependencies": {
        "debug": {
          "version": "3.1.0",
          "resolved": "https://registry.npmjs.org/debug/-/debug-3.1.0.tgz",
          "integrity": "sha512-OX8XqP7/1a9cqkxYw2yXss15f26NKWBpDXQd0/uK/KPqdQhxbPa994hnzjcE2VqQpDslf55723cKPUOGSmMY3g=="
        }
      }
    },
    "morgan": {
      "version": "1.9.1",
      "resolved": "https://registry.npmjs.org/morgan/-/morgan-1.9.1.tgz",
      "integrity": "sha512-HQStPIV4y3afTiCYVxirakhlCfGkI161c76kKFca7Fk1JusM//Qeo1ej2XaMniiNeaZklMVrh3vTtIzpzwbpmA==",
      "requires": {
        "basic-auth": "~2.0.0",
        "debug": "2.6.9",
        "depd": "~1.1.2",
        "on-finished": "~2.3.0",
        "on-headers": "~1.0.1"
      },
      "dependencies": {
        "depd": {
          "version": "1.1.2",
          "resolved": "https://registry.npmjs.org/depd/-/depd-1.1.2.tgz",
          "integrity": "sha1-m81S4UwJd2PnSbJ0xDRu0uVgtak="
        }
      }
    },
    "neo4j": {
      "version": "2.0.0-RC2",
      "resolved": "https://registry.npmjs.org/neo4j/-/neo4j-2.0.0-RC2.tgz",
      "integrity": "sha1-vTKCR9CpexsWzLmXppSoauhiCkE="
    },
    "neo4j-driver": {
      "version": "1.6.0",
      "resolved": "https://registry.npmjs.org/neo4j-driver/-/neo4j-driver-1.6.0.tgz",
      "integrity": "sha512-G5VEx1G2ZZzhDIrgvDl0lRQouTUHjMNaQ4hQw2VDM9s0Z2A0mMMRorQNjW8bj8TsPeJaH72NvK2b/dCV+ibT4g=="
    },
    "ogmneo": {
      "version": "1.0.3",
      "resolved": "https://registry.npmjs.org/ogmneo/-/ogmneo-1.0.3.tgz",
      "integrity": "sha1-IRy12BsvQep/h7jqlhRCf0c97zs="
    },
    "on-finished": {
      "version": "2.3.0",
      "resolved": "https://registry.npmjs.org/on-finished/-/on-finished-2.3.0.tgz",
      "integrity": "sha1-IPEzZIGwg811M3mSoWlxqi2QaUc="
    },
    "on-headers": {
      "version": "1.0.1",
      "resolved": "https://registry.npmjs.org/on-headers/-/on-headers-1.0.1.tgz",
      "integrity": "sha1-ko9dD0cNSTQmUepnlLCFfBAGk/c="
    },
    "serve-favicon": {
      "version": "2.4.5",
      "resolved": "https://registry.npmjs.org/serve-favicon/-/serve-favicon-2.4.5.tgz",
      "integrity": "sha512-s7F8h2NrslMkG50KxvlGdj+ApSwaLex0vexuJ9iFf3GLTIp1ph/l1qZvRe9T9TJEYZgmq72ZwJ2VYiAEtChknw=="
    },
    "session-file-store": {
      "version": "1.2.0",
      "resolved": "https://registry.npmjs.org/session-file-store/-/session-file-store-1.2.0.tgz",
      "integrity": "sha512-DkYLYFkkK6u9xyraVHemulhlUuuufLukf7SQxOZSx8SPwkswcaIrls882PaQZ72zRKsyhUVNxOUl9w0lQubUFw=="
    },
    "socket.io": {
      "version": "2.1.0",
      "resolved": "https://registry.npmjs.org/socket.io/-/socket.io-2.1.0.tgz",
      "integrity": "sha512-KS+3CNWWNtLbVN5j0/B+1hjxRzey+oTK6ejpAOoxMZis6aXeB8cUtfuvjHl97tuZx+t/qD/VyqFMjuzu2Js6uQ==",
      "dependencies": {
        "debug": {
          "version": "3.1.0",
          "resolved": "https://registry.npmjs.org/debug/-/debug-3.1.0.tgz",
          "integrity": "sha512-OX8XqP7/1a9cqkxYw2yXss15f26NKWBpDXQd0/uK/KPqdQhxbPa994hnzjcE2VqQpDslf55723cKPUOGSmMY3g=="
        },
        "engine.io": {
          "version": "3.2.0",
          "resolved": "https://registry.npmjs.org/engine.io/-/engine.io-3.2.0.tgz",
          "integrity": "sha512-mRbgmAtQ4GAlKwuPnnAvXXwdPhEx+jkc0OBCLrXuD/CRvwNK3AxRSnqK4FSqmAMRRHryVJP8TopOvmEaA64fKw=="
        },
        "engine.io-client": {
          "version": "3.2.1",
          "resolved": "https://registry.npmjs.org/engine.io-client/-/engine.io-client-3.2.1.tgz",
          "integrity": "sha512-y5AbkytWeM4jQr7m/koQLc5AxpRKC1hEVUb/s1FUAWEJq5AzJJ4NLvzuKPuxtDi5Mq755WuDvZ6Iv2rXj4PTzw=="
        },
        "socket.io-client": {
          "version": "2.1.0",
          "resolved": "https://registry.npmjs.org/socket.io-client/-/socket.io-client-2.1.0.tgz",
          "integrity": "sha512-TvKPpL0cBON5LduQfR8Rxrr+ktj70bLXGvqHCL3er5avBXruB3gpnbaud5ikFYVfANH1gCABAvo0qN8Axpg2ew=="
        },
        "socket.io-parser": {
          "version": "3.2.0",
          "resolved": "https://registry.npmjs.org/socket.io-parser/-/socket.io-parser-3.2.0.tgz",
          "integrity": "sha512-FYiBx7rc/KORMJlgsXysflWx/RIvtqZbyGLlHZvjfmPTPeuD/I8MaW7cfFrj5tRltICJdgwflhfZ3NVVbVLFQA=="
        }
      }
    }
  }
}
